
Microsoft Visual Studio Solution File, Format Version 12.00
# Visual Studio Version 17
VisualStudioVersion = 17.6.33712.159
MinimumVisualStudioVersion = 10.0.40219.1
Project("{9A19103F-16F7-4668-BE54-9A1E7A4F7556}") = "AdressBookApplication", "AdressBookApplication.csproj", "{7FABC3C7-AC98-4FD3-8505-BFBF83AEAD97}"
EndProject
Project("{54435603-DBB4-11D2-8724-00A0C9A8B90C}") = "addresBookDeploy", "..\addresBookDeploy\addresBookDeploy.vdproj", "{EA7751A5-6E8E-43FC-9E5C-5BA6B1885610}"
EndProject
Global
	GlobalSection(SolutionConfigurationPlatforms) = preSolution
		Debug|Any CPU = Debug|Any CPU
		Release|Any CPU = Release|Any CPU
	EndGlobalSection
	GlobalSection(ProjectConfigurationPlatforms) = postSolution
		{7FABC3C7-AC98-4FD3-8505-BFBF83AEAD97}.Debug|Any CPU.ActiveCfg = Debug|Any CPU
		{7FABC3C7-AC98-4FD3-8505-BFBF83AEAD97}.Debug|Any CPU.Build.0 = Debug|Any CPU
		{7FABC3C7-AC98-4FD3-8505-BFBF83AEAD97}.Release|Any CPU.ActiveCfg = Release|Any CPU
		{7FABC3C7-AC98-4FD3-8505-BFBF83AEAD97}.Release|Any CPU.Build.0 = Release|Any CPU
		{EA7751A5-6E8E-43FC-9E5C-5BA6B1885610}.Debug|Any CPU.ActiveCfg = Debug
		{EA7751A5-6E8E-43FC-9E5C-5BA6B1885610}.Release|Any CPU.ActiveCfg = Release
	EndGlobalSection
	GlobalSection(SolutionProperties) = preSolution
		HideSolutionNode = FALSE
	EndGlobalSection
	GlobalSection(ExtensibilityGlobals) = postSolution
		SolutionGuid = {B3842573-7367-449A-B734-B618367013F6}
	EndGlobalSection
EndGlobal
